schema: '2.0'
stages:
  data_ingestion:
    cmd: python src/cnnClassifier/pipeline/stage_01_data_ingestion.py
    deps:
    - path: config/config.yaml
      hash: md5
      md5: b9b533a714e5f3c8aaf49776fd82e6d7
      size: 831
    - path: src/cnnClassifier/pipeline/stage_01_data_ingestion.py
      hash: md5
      md5: 50ba8143daadbd90e64bc87605835acc
      size: 881
    outs:
    - path: artifacts/data_ingestion/Chicken-fecal-images
      hash: md5
      md5: 9e1f8dd2eae3c29e9d635df89d438ae4.dir
      size: 12207807
      nfiles: 390
  prepare_base_model:
    cmd: python src/cnnClassifier/pipeline/stage_02_prepare_base_model.py
    deps:
    - path: config/config.yaml
      hash: md5
      md5: b9b533a714e5f3c8aaf49776fd82e6d7
      size: 831
    - path: src/cnnClassifier/pipeline/stage_02_prepare_base_model.py
      hash: md5
      md5: fb75d78a531ceb04f30982341ee2a9e9
      size: 898
    params:
      params.yaml:
        CLASSES: 2
        IMAGESIZE:
        - 224
        - 224
        - 3
        INCLUDE_TOP: false
        LEARNING_RATE: 0.01
        WEIGHTS: imagenet
    outs:
    - path: artifacts/prepare_base_model
      hash: md5
      md5: 6e984b0ef9ff0e733796a669e047d235.dir
      size: 118067960
      nfiles: 2
  training:
    cmd: python src/cnnClassifier/pipeline/stage_03_training.py
    deps:
    - path: artifacts/data_ingestion/Chicken-fecal-images
      hash: md5
      md5: 9e1f8dd2eae3c29e9d635df89d438ae4.dir
      size: 12207807
      nfiles: 390
    - path: artifacts/prepare_base_model
      hash: md5
      md5: 6e984b0ef9ff0e733796a669e047d235.dir
      size: 118067960
      nfiles: 2
    - path: config/config.yaml
      hash: md5
      md5: b9b533a714e5f3c8aaf49776fd82e6d7
      size: 831
    - path: src/cnnClassifier/components/prepare_callbacks.py
      hash: md5
      md5: b7164d0c88de47f7132d53d5002973f4
      size: 989
    - path: src/cnnClassifier/pipeline/stage_03_training.py
      hash: md5
      md5: ff4b9bf33e22c1a68355da446f82b7e5
      size: 1164
    params:
      params.yaml:
        AUGMENTATION: true
        BATCH_SIZE: 16
        EPOCHS: 1
        IMAGESIZE:
        - 224
        - 224
        - 3
    outs:
    - path: artifacts/Training/model.h5
      hash: md5
      md5: 234924ce6fd3173c8f359ffdd4af75a4
      size: 59143624
  evaluation:
    cmd: python src/cnnClassifier/pipeline/stage_04_evaluation.py
    deps:
    - path: artifacts/Training/model.h5
      hash: md5
      md5: 234924ce6fd3173c8f359ffdd4af75a4
      size: 59143624
    - path: artifacts/data_ingestion/Chicken-fecal-images
      hash: md5
      md5: 9e1f8dd2eae3c29e9d635df89d438ae4.dir
      size: 12207807
      nfiles: 390
    - path: config/config.yaml
      hash: md5
      md5: b9b533a714e5f3c8aaf49776fd82e6d7
      size: 831
    - path: src/cnnClassifier/pipeline/stage_04_evaluation.py
      hash: md5
      md5: ece0b946f5a40143247077b47f65478d
      size: 776
    params:
      params.yaml:
        BATCH_SIZE: 16
        IMAGESIZE:
        - 224
        - 224
        - 3
    outs:
    - path: scores.json
      hash: md5
      md5: 00299dd3ee41802f91812b7c6f97c885
      size: 58
